
Microsoft Visual Studio Solution File, Format Version 12.00
# Visual Studio 14
VisualStudioVersion = 14.0.25420.1
MinimumVisualStudioVersion = 10.0.40219.1
Project("{FAE04EC0-301F-11D3-BF4B-00C04F79EFBC}") = "OKHMS", "MVCGridView\OKHMS.csproj", "{B113BD8F-953E-4F45-B1F3-A135BC425576}"
EndProject
Project("{FAE04EC0-301F-11D3-BF4B-00C04F79EFBC}") = "DemoData", "DemoData\DemoData.csproj", "{23AF4792-E2CE-4DE0-8CDB-2D99C8A569A8}"
EndProject
Global
	GlobalSection(SolutionConfigurationPlatforms) = preSolution
		Debug|Any CPU = Debug|Any CPU
		Release|Any CPU = Release|Any CPU
	EndGlobalSection
	GlobalSection(ProjectConfigurationPlatforms) = postSolution
		{B113BD8F-953E-4F45-B1F3-A135BC425576}.Debug|Any CPU.ActiveCfg = Debug|Any CPU
		{B113BD8F-953E-4F45-B1F3-A135BC425576}.Debug|Any CPU.Build.0 = Debug|Any CPU
		{B113BD8F-953E-4F45-B1F3-A135BC425576}.Release|Any CPU.ActiveCfg = Release|Any CPU
		{B113BD8F-953E-4F45-B1F3-A135BC425576}.Release|Any CPU.Build.0 = Release|Any CPU
		{23AF4792-E2CE-4DE0-8CDB-2D99C8A569A8}.Debug|Any CPU.ActiveCfg = Debug|Any CPU
		{23AF4792-E2CE-4DE0-8CDB-2D99C8A569A8}.Debug|Any CPU.Build.0 = Debug|Any CPU
		{23AF4792-E2CE-4DE0-8CDB-2D99C8A569A8}.Release|Any CPU.ActiveCfg = Release|Any CPU
		{23AF4792-E2CE-4DE0-8CDB-2D99C8A569A8}.Release|Any CPU.Build.0 = Release|Any CPU
	EndGlobalSection
	GlobalSection(SolutionProperties) = preSolution
		HideSolutionNode = FALSE
	EndGlobalSection
EndGlobal
